
Microsoft Visual Studio Solution File, Format Version 12.00
# Visual Studio Version 17
VisualStudioVersion = 17.14.36109.1 d17.14
MinimumVisualStudioVersion = 10.0.40219.1
Project("{FAE04EC0-301F-11D3-BF4B-00C04F79EFBC}") = "Checkpoint", "Checkpoint\Checkpoint.csproj", "{6CBF3B9A-EFBA-4A41-AF85-DC9D7DD44E5B}"
EndProject
Project("{FAE04EC0-301F-11D3-BF4B-00C04F79EFBC}") = "Livraria", "Livraria\Livraria.csproj", "{D6BBC162-39F8-4BB3-B5C4-B1720FB83B37}"
EndProject
Project("{FAE04EC0-301F-11D3-BF4B-00C04F79EFBC}") = "Carros", "Carros\Carros.csproj", "{791D4FF5-586C-40FD-BBA9-8496D63B47D3}"
EndProject
Global
	GlobalSection(SolutionConfigurationPlatforms) = preSolution
		Debug|Any CPU = Debug|Any CPU
		Release|Any CPU = Release|Any CPU
	EndGlobalSection
	GlobalSection(ProjectConfigurationPlatforms) = postSolution
		{6CBF3B9A-EFBA-4A41-AF85-DC9D7DD44E5B}.Debug|Any CPU.ActiveCfg = Debug|Any CPU
		{6CBF3B9A-EFBA-4A41-AF85-DC9D7DD44E5B}.Debug|Any CPU.Build.0 = Debug|Any CPU
		{6CBF3B9A-EFBA-4A41-AF85-DC9D7DD44E5B}.Release|Any CPU.ActiveCfg = Release|Any CPU
		{6CBF3B9A-EFBA-4A41-AF85-DC9D7DD44E5B}.Release|Any CPU.Build.0 = Release|Any CPU
		{D6BBC162-39F8-4BB3-B5C4-B1720FB83B37}.Debug|Any CPU.ActiveCfg = Debug|Any CPU
		{D6BBC162-39F8-4BB3-B5C4-B1720FB83B37}.Debug|Any CPU.Build.0 = Debug|Any CPU
		{D6BBC162-39F8-4BB3-B5C4-B1720FB83B37}.Release|Any CPU.ActiveCfg = Release|Any CPU
		{D6BBC162-39F8-4BB3-B5C4-B1720FB83B37}.Release|Any CPU.Build.0 = Release|Any CPU
		{791D4FF5-586C-40FD-BBA9-8496D63B47D3}.Debug|Any CPU.ActiveCfg = Debug|Any CPU
		{791D4FF5-586C-40FD-BBA9-8496D63B47D3}.Debug|Any CPU.Build.0 = Debug|Any CPU
		{791D4FF5-586C-40FD-BBA9-8496D63B47D3}.Release|Any CPU.ActiveCfg = Release|Any CPU
		{791D4FF5-586C-40FD-BBA9-8496D63B47D3}.Release|Any CPU.Build.0 = Release|Any CPU
	EndGlobalSection
	GlobalSection(SolutionProperties) = preSolution
		HideSolutionNode = FALSE
	EndGlobalSection
	GlobalSection(ExtensibilityGlobals) = postSolution
		SolutionGuid = {EBDA0139-8E38-4466-8DB6-5B6092C5DCCB}
	EndGlobalSection
EndGlobal
